
Microsoft Visual Studio Solution File, Format Version 12.00
# Visual Studio 15
VisualStudioVersion = 15.0.28010.2036
MinimumVisualStudioVersion = 10.0.40219.1
Project("{FAE04EC0-301F-11D3-BF4B-00C04F79EFBC}") = "LifeBenefits.Android", "LifeBenefits\LifeBenefits.Android\LifeBenefits.Android.csproj", "{98498979-D6AA-47AB-BFF0-AF8C4B38A649}"
EndProject
Project("{FAE04EC0-301F-11D3-BF4B-00C04F79EFBC}") = "LifeBenefits.iOS", "LifeBenefits\LifeBenefits.iOS\LifeBenefits.iOS.csproj", "{7BDE76B0-6E52-4938-8687-F47BD0BFE8F4}"
EndProject
Project("{FAE04EC0-301F-11D3-BF4B-00C04F79EFBC}") = "LifeBenefits", "LifeBenefits\LifeBenefits\LifeBenefits.csproj", "{DA603CBF-7735-4C55-988D-EA89DD223682}"
EndProject
Project("{FAE04EC0-301F-11D3-BF4B-00C04F79EFBC}") = "LifeBenefits.UITests", "LifeBenefits.UITests\LifeBenefits.UITests.csproj", "{C6264909-F42C-4F23-9989-3749F0649658}"
EndProject
Global
	GlobalSection(SolutionConfigurationPlatforms) = preSolution
		Ad-Hoc|Any CPU = Ad-Hoc|Any CPU
		Ad-Hoc|iPhone = Ad-Hoc|iPhone
		Ad-Hoc|iPhoneSimulator = Ad-Hoc|iPhoneSimulator
		AppStore|Any CPU = AppStore|Any CPU
		AppStore|iPhone = AppStore|iPhone
		AppStore|iPhoneSimulator = AppStore|iPhoneSimulator
		Debug|Any CPU = Debug|Any CPU
		Debug|iPhone = Debug|iPhone
		Debug|iPhoneSimulator = Debug|iPhoneSimulator
		Release|Any CPU = Release|Any CPU
		Release|iPhone = Release|iPhone
		Release|iPhoneSimulator = Release|iPhoneSimulator
	EndGlobalSection
	GlobalSection(ProjectConfigurationPlatforms) = postSolution
		{98498979-D6AA-47AB-BFF0-AF8C4B38A649}.Ad-Hoc|Any CPU.ActiveCfg = Release|Any CPU
		{98498979-D6AA-47AB-BFF0-AF8C4B38A649}.Ad-Hoc|Any CPU.Build.0 = Release|Any CPU
		{98498979-D6AA-47AB-BFF0-AF8C4B38A649}.Ad-Hoc|Any CPU.Deploy.0 = Release|Any CPU
		{98498979-D6AA-47AB-BFF0-AF8C4B38A649}.Ad-Hoc|iPhone.ActiveCfg = Release|Any CPU
		{98498979-D6AA-47AB-BFF0-AF8C4B38A649}.Ad-Hoc|iPhone.Build.0 = Release|Any CPU
		{98498979-D6AA-47AB-BFF0-AF8C4B38A649}.Ad-Hoc|iPhone.Deploy.0 = Release|Any CPU
		{98498979-D6AA-47AB-BFF0-AF8C4B38A649}.Ad-Hoc|iPhoneSimulator.ActiveCfg = Release|Any CPU
		{98498979-D6AA-47AB-BFF0-AF8C4B38A649}.Ad-Hoc|iPhoneSimulator.Build.0 = Release|Any CPU
		{98498979-D6AA-47AB-BFF0-AF8C4B38A649}.Ad-Hoc|iPhoneSimulator.Deploy.0 = Release|Any CPU
		{98498979-D6AA-47AB-BFF0-AF8C4B38A649}.AppStore|Any CPU.ActiveCfg = Release|Any CPU
		{98498979-D6AA-47AB-BFF0-AF8C4B38A649}.AppStore|Any CPU.Build.0 = Release|Any CPU
		{98498979-D6AA-47AB-BFF0-AF8C4B38A649}.AppStore|Any CPU.Deploy.0 = Release|Any CPU
		{98498979-D6AA-47AB-BFF0-AF8C4B38A649}.AppStore|iPhone.ActiveCfg = Release|Any CPU
		{98498979-D6AA-47AB-BFF0-AF8C4B38A649}.AppStore|iPhone.Build.0 = Release|Any CPU
		{98498979-D6AA-47AB-BFF0-AF8C4B38A649}.AppStore|iPhone.Deploy.0 = Release|Any CPU
		{98498979-D6AA-47AB-BFF0-AF8C4B38A649}.AppStore|iPhoneSimulator.ActiveCfg = Release|Any CPU
		{98498979-D6AA-47AB-BFF0-AF8C4B38A649}.AppStore|iPhoneSimulator.Build.0 = Release|Any CPU
		{98498979-D6AA-47AB-BFF0-AF8C4B38A649}.AppStore|iPhoneSimulator.Deploy.0 = Release|Any CPU
		{98498979-D6AA-47AB-BFF0-AF8C4B38A649}.Debug|Any CPU.ActiveCfg = Debug|Any CPU
		{98498979-D6AA-47AB-BFF0-AF8C4B38A649}.Debug|Any CPU.Build.0 = Debug|Any CPU
		{98498979-D6AA-47AB-BFF0-AF8C4B38A649}.Debug|Any CPU.Deploy.0 = Debug|Any CPU
		{98498979-D6AA-47AB-BFF0-AF8C4B38A649}.Debug|iPhone.ActiveCfg = Debug|Any CPU
		{98498979-D6AA-47AB-BFF0-AF8C4B38A649}.Debug|iPhone.Build.0 = Debug|Any CPU
		{98498979-D6AA-47AB-BFF0-AF8C4B38A649}.Debug|iPhone.Deploy.0 = Debug|Any CPU
		{98498979-D6AA-47AB-BFF0-AF8C4B38A649}.Debug|iPhoneSimulator.ActiveCfg = Debug|Any CPU
		{98498979-D6AA-47AB-BFF0-AF8C4B38A649}.Debug|iPhoneSimulator.Build.0 = Debug|Any CPU
		{98498979-D6AA-47AB-BFF0-AF8C4B38A649}.Debug|iPhoneSimulator.Deploy.0 = Debug|Any CPU
		{98498979-D6AA-47AB-BFF0-AF8C4B38A649}.Release|Any CPU.ActiveCfg = Release|Any CPU
		{98498979-D6AA-47AB-BFF0-AF8C4B38A649}.Release|Any CPU.Build.0 = Release|Any CPU
		{98498979-D6AA-47AB-BFF0-AF8C4B38A649}.Release|Any CPU.Deploy.0 = Release|Any CPU
		{98498979-D6AA-47AB-BFF0-AF8C4B38A649}.Release|iPhone.ActiveCfg = Release|Any CPU
		{98498979-D6AA-47AB-BFF0-AF8C4B38A649}.Release|iPhone.Build.0 = Release|Any CPU
		{98498979-D6AA-47AB-BFF0-AF8C4B38A649}.Release|iPhone.Deploy.0 = Release|Any CPU
		{98498979-D6AA-47AB-BFF0-AF8C4B38A649}.Release|iPhoneSimulator.ActiveCfg = Release|Any CPU
		{98498979-D6AA-47AB-BFF0-AF8C4B38A649}.Release|iPhoneSimulator.Build.0 = Release|Any CPU
		{98498979-D6AA-47AB-BFF0-AF8C4B38A649}.Release|iPhoneSimulator.Deploy.0 = Release|Any CPU
		{7BDE76B0-6E52-4938-8687-F47BD0BFE8F4}.Ad-Hoc|Any CPU.ActiveCfg = Ad-Hoc|iPhone
		{7BDE76B0-6E52-4938-8687-F47BD0BFE8F4}.Ad-Hoc|Any CPU.Build.0 = Ad-Hoc|iPhone
		{7BDE76B0-6E52-4938-8687-F47BD0BFE8F4}.Ad-Hoc|Any CPU.Deploy.0 = Ad-Hoc|iPhone
		{7BDE76B0-6E52-4938-8687-F47BD0BFE8F4}.Ad-Hoc|iPhone.ActiveCfg = Ad-Hoc|iPhone
		{7BDE76B0-6E52-4938-8687-F47BD0BFE8F4}.Ad-Hoc|iPhone.Build.0 = Ad-Hoc|iPhone
		{7BDE76B0-6E52-4938-8687-F47BD0BFE8F4}.Ad-Hoc|iPhone.Deploy.0 = Ad-Hoc|iPhone
		{7BDE76B0-6E52-4938-8687-F47BD0BFE8F4}.Ad-Hoc|iPhoneSimulator.ActiveCfg = Ad-Hoc|iPhoneSimulator
		{7BDE76B0-6E52-4938-8687-F47BD0BFE8F4}.Ad-Hoc|iPhoneSimulator.Build.0 = Ad-Hoc|iPhoneSimulator
		{7BDE76B0-6E52-4938-8687-F47BD0BFE8F4}.Ad-Hoc|iPhoneSimulator.Deploy.0 = Ad-Hoc|iPhoneSimulator
		{7BDE76B0-6E52-4938-8687-F47BD0BFE8F4}.AppStore|Any CPU.ActiveCfg = AppStore|iPhone
		{7BDE76B0-6E52-4938-8687-F47BD0BFE8F4}.AppStore|Any CPU.Build.0 = AppStore|iPhone
		{7BDE76B0-6E52-4938-8687-F47BD0BFE8F4}.AppStore|Any CPU.Deploy.0 = AppStore|iPhone
		{7BDE76B0-6E52-4938-8687-F47BD0BFE8F4}.AppStore|iPhone.ActiveCfg = AppStore|iPhone
		{7BDE76B0-6E52-4938-8687-F47BD0BFE8F4}.AppStore|iPhone.Build.0 = AppStore|iPhone
		{7BDE76B0-6E52-4938-8687-F47BD0BFE8F4}.AppStore|iPhone.Deploy.0 = AppStore|iPhone
		{7BDE76B0-6E52-4938-8687-F47BD0BFE8F4}.AppStore|iPhoneSimulator.ActiveCfg = AppStore|iPhoneSimulator
		{7BDE76B0-6E52-4938-8687-F47BD0BFE8F4}.AppStore|iPhoneSimulator.Build.0 = AppStore|iPhoneSimulator
		{7BDE76B0-6E52-4938-8687-F47BD0BFE8F4}.AppStore|iPhoneSimulator.Deploy.0 = AppStore|iPhoneSimulator
		{7BDE76B0-6E52-4938-8687-F47BD0BFE8F4}.Debug|Any CPU.ActiveCfg = Debug|iPhoneSimulator
		{7BDE76B0-6E52-4938-8687-F47BD0BFE8F4}.Debug|Any CPU.Build.0 = Debug|iPhoneSimulator
		{7BDE76B0-6E52-4938-8687-F47BD0BFE8F4}.Debug|Any CPU.Deploy.0 = Debug|iPhoneSimulator
		{7BDE76B0-6E52-4938-8687-F47BD0BFE8F4}.Debug|iPhone.ActiveCfg = Debug|iPhone
		{7BDE76B0-6E52-4938-8687-F47BD0BFE8F4}.Debug|iPhone.Build.0 = Debug|iPhone
		{7BDE76B0-6E52-4938-8687-F47BD0BFE8F4}.Debug|iPhone.Deploy.0 = Debug|iPhone
		{7BDE76B0-6E52-4938-8687-F47BD0BFE8F4}.Debug|iPhoneSimulator.ActiveCfg = Debug|iPhoneSimulator
		{7BDE76B0-6E52-4938-8687-F47BD0BFE8F4}.Debug|iPhoneSimulator.Build.0 = Debug|iPhoneSimulator
		{7BDE76B0-6E52-4938-8687-F47BD0BFE8F4}.Debug|iPhoneSimulator.Deploy.0 = Debug|iPhoneSimulator
		{7BDE76B0-6E52-4938-8687-F47BD0BFE8F4}.Release|Any CPU.ActiveCfg = Release|iPhone
		{7BDE76B0-6E52-4938-8687-F47BD0BFE8F4}.Release|Any CPU.Build.0 = Release|iPhone
		{7BDE76B0-6E52-4938-8687-F47BD0BFE8F4}.Release|Any CPU.Deploy.0 = Release|iPhone
		{7BDE76B0-6E52-4938-8687-F47BD0BFE8F4}.Release|iPhone.ActiveCfg = Release|iPhone
		{7BDE76B0-6E52-4938-8687-F47BD0BFE8F4}.Release|iPhone.Build.0 = Release|iPhone
		{7BDE76B0-6E52-4938-8687-F47BD0BFE8F4}.Release|iPhone.Deploy.0 = Release|iPhone
		{7BDE76B0-6E52-4938-8687-F47BD0BFE8F4}.Release|iPhoneSimulator.ActiveCfg = Release|iPhoneSimulator
		{7BDE76B0-6E52-4938-8687-F47BD0BFE8F4}.Release|iPhoneSimulator.Build.0 = Release|iPhoneSimulator
		{7BDE76B0-6E52-4938-8687-F47BD0BFE8F4}.Release|iPhoneSimulator.Deploy.0 = Release|iPhoneSimulator
		{DA603CBF-7735-4C55-988D-EA89DD223682}.Ad-Hoc|Any CPU.ActiveCfg = Debug|Any CPU
		{DA603CBF-7735-4C55-988D-EA89DD223682}.Ad-Hoc|Any CPU.Build.0 = Debug|Any CPU
		{DA603CBF-7735-4C55-988D-EA89DD223682}.Ad-Hoc|Any CPU.Deploy.0 = Debug|Any CPU
		{DA603CBF-7735-4C55-988D-EA89DD223682}.Ad-Hoc|iPhone.ActiveCfg = Debug|Any CPU
		{DA603CBF-7735-4C55-988D-EA89DD223682}.Ad-Hoc|iPhone.Build.0 = Debug|Any CPU
		{DA603CBF-7735-4C55-988D-EA89DD223682}.Ad-Hoc|iPhone.Deploy.0 = Debug|Any CPU
		{DA603CBF-7735-4C55-988D-EA89DD223682}.Ad-Hoc|iPhoneSimulator.ActiveCfg = Debug|Any CPU
		{DA603CBF-7735-4C55-988D-EA89DD223682}.Ad-Hoc|iPhoneSimulator.Build.0 = Debug|Any CPU
		{DA603CBF-7735-4C55-988D-EA89DD223682}.Ad-Hoc|iPhoneSimulator.Deploy.0 = Debug|Any CPU
		{DA603CBF-7735-4C55-988D-EA89DD223682}.AppStore|Any CPU.ActiveCfg = Debug|Any CPU
		{DA603CBF-7735-4C55-988D-EA89DD223682}.AppStore|Any CPU.Build.0 = Debug|Any CPU
		{DA603CBF-7735-4C55-988D-EA89DD223682}.AppStore|Any CPU.Deploy.0 = Debug|Any CPU
		{DA603CBF-7735-4C55-988D-EA89DD223682}.AppStore|iPhone.ActiveCfg = Debug|Any CPU
		{DA603CBF-7735-4C55-988D-EA89DD223682}.AppStore|iPhone.Build.0 = Debug|Any CPU
		{DA603CBF-7735-4C55-988D-EA89DD223682}.AppStore|iPhone.Deploy.0 = Debug|Any CPU
		{DA603CBF-7735-4C55-988D-EA89DD223682}.AppStore|iPhoneSimulator.ActiveCfg = Debug|Any CPU
		{DA603CBF-7735-4C55-988D-EA89DD223682}.AppStore|iPhoneSimulator.Build.0 = Debug|Any CPU
		{DA603CBF-7735-4C55-988D-EA89DD223682}.AppStore|iPhoneSimulator.Deploy.0 = Debug|Any CPU
		{DA603CBF-7735-4C55-988D-EA89DD223682}.Debug|Any CPU.ActiveCfg = Debug|Any CPU
		{DA603CBF-7735-4C55-988D-EA89DD223682}.Debug|Any CPU.Build.0 = Debug|Any CPU
		{DA603CBF-7735-4C55-988D-EA89DD223682}.Debug|Any CPU.Deploy.0 = Debug|Any CPU
		{DA603CBF-7735-4C55-988D-EA89DD223682}.Debug|iPhone.ActiveCfg = Debug|Any CPU
		{DA603CBF-7735-4C55-988D-EA89DD223682}.Debug|iPhone.Build.0 = Debug|Any CPU
		{DA603CBF-7735-4C55-988D-EA89DD223682}.Debug|iPhone.Deploy.0 = Debug|Any CPU
		{DA603CBF-7735-4C55-988D-EA89DD223682}.Debug|iPhoneSimulator.ActiveCfg = Debug|Any CPU
		{DA603CBF-7735-4C55-988D-EA89DD223682}.Debug|iPhoneSimulator.Build.0 = Debug|Any CPU
		{DA603CBF-7735-4C55-988D-EA89DD223682}.Debug|iPhoneSimulator.Deploy.0 = Debug|Any CPU
		{DA603CBF-7735-4C55-988D-EA89DD223682}.Release|Any CPU.ActiveCfg = Release|Any CPU
		{DA603CBF-7735-4C55-988D-EA89DD223682}.Release|Any CPU.Build.0 = Release|Any CPU
		{DA603CBF-7735-4C55-988D-EA89DD223682}.Release|Any CPU.Deploy.0 = Release|Any CPU
		{DA603CBF-7735-4C55-988D-EA89DD223682}.Release|iPhone.ActiveCfg = Release|Any CPU
		{DA603CBF-7735-4C55-988D-EA89DD223682}.Release|iPhone.Build.0 = Release|Any CPU
		{DA603CBF-7735-4C55-988D-EA89DD223682}.Release|iPhone.Deploy.0 = Release|Any CPU
		{DA603CBF-7735-4C55-988D-EA89DD223682}.Release|iPhoneSimulator.ActiveCfg = Release|Any CPU
		{DA603CBF-7735-4C55-988D-EA89DD223682}.Release|iPhoneSimulator.Build.0 = Release|Any CPU
		{DA603CBF-7735-4C55-988D-EA89DD223682}.Release|iPhoneSimulator.Deploy.0 = Release|Any CPU
		{C6264909-F42C-4F23-9989-3749F0649658}.Ad-Hoc|Any CPU.ActiveCfg = Release|Any CPU
		{C6264909-F42C-4F23-9989-3749F0649658}.Ad-Hoc|Any CPU.Build.0 = Release|Any CPU
		{C6264909-F42C-4F23-9989-3749F0649658}.Ad-Hoc|iPhone.ActiveCfg = Release|Any CPU
		{C6264909-F42C-4F23-9989-3749F0649658}.Ad-Hoc|iPhone.Build.0 = Release|Any CPU
		{C6264909-F42C-4F23-9989-3749F0649658}.Ad-Hoc|iPhoneSimulator.ActiveCfg = Release|Any CPU
		{C6264909-F42C-4F23-9989-3749F0649658}.Ad-Hoc|iPhoneSimulator.Build.0 = Release|Any CPU
		{C6264909-F42C-4F23-9989-3749F0649658}.AppStore|Any CPU.ActiveCfg = Release|Any CPU
		{C6264909-F42C-4F23-9989-3749F0649658}.AppStore|Any CPU.Build.0 = Release|Any CPU
		{C6264909-F42C-4F23-9989-3749F0649658}.AppStore|iPhone.ActiveCfg = Release|Any CPU
		{C6264909-F42C-4F23-9989-3749F0649658}.AppStore|iPhone.Build.0 = Release|Any CPU
		{C6264909-F42C-4F23-9989-3749F0649658}.AppStore|iPhoneSimulator.ActiveCfg = Release|Any CPU
		{C6264909-F42C-4F23-9989-3749F0649658}.AppStore|iPhoneSimulator.Build.0 = Release|Any CPU
		{C6264909-F42C-4F23-9989-3749F0649658}.Debug|Any CPU.ActiveCfg = Debug|Any CPU
		{C6264909-F42C-4F23-9989-3749F0649658}.Debug|Any CPU.Build.0 = Debug|Any CPU
		{C6264909-F42C-4F23-9989-3749F0649658}.Debug|iPhone.ActiveCfg = Debug|Any CPU
		{C6264909-F42C-4F23-9989-3749F0649658}.Debug|iPhone.Build.0 = Debug|Any CPU
		{C6264909-F42C-4F23-9989-3749F0649658}.Debug|iPhoneSimulator.ActiveCfg = Debug|Any CPU
		{C6264909-F42C-4F23-9989-3749F0649658}.Debug|iPhoneSimulator.Build.0 = Debug|Any CPU
		{C6264909-F42C-4F23-9989-3749F0649658}.Release|Any CPU.ActiveCfg = Release|Any CPU
		{C6264909-F42C-4F23-9989-3749F0649658}.Release|Any CPU.Build.0 = Release|Any CPU
		{C6264909-F42C-4F23-9989-3749F0649658}.Release|iPhone.ActiveCfg = Release|Any CPU
		{C6264909-F42C-4F23-9989-3749F0649658}.Release|iPhone.Build.0 = Release|Any CPU
		{C6264909-F42C-4F23-9989-3749F0649658}.Release|iPhoneSimulator.ActiveCfg = Release|Any CPU
		{C6264909-F42C-4F23-9989-3749F0649658}.Release|iPhoneSimulator.Build.0 = Release|Any CPU
	EndGlobalSection
	GlobalSection(SolutionProperties) = preSolution
		HideSolutionNode = FALSE
	EndGlobalSection
	GlobalSection(ExtensibilityGlobals) = postSolution
		SolutionGuid = {AB8BCE1F-B8B4-4F49-B5B1-E478032E7440}
	EndGlobalSection
EndGlobal
